schema: '2.0'
stages:
  data_cleaning:
    cmd: python src/data/data_cleaning.py
    deps:
    - path: data/raw/servicehub_dataset.csv
      hash: md5
      md5: 10d73e5380d41dc2e7a22799326d46fc
      size: 7431450
    - path: src/data/data_cleaning.py
      hash: md5
      md5: 6c6b594c67b539164faaa176f8c88cb9
      size: 9095
    outs:
    - path: data/cleaned/cleandata.csv
      hash: md5
      md5: 9a50cfb89cc4b36108b011658c34f29e
      size: 4344870
  data_preparation:
    cmd: python src/data/data_preparation.py
    deps:
    - path: data/cleaned/cleandata.csv
      hash: md5
      md5: 9a50cfb89cc4b36108b011658c34f29e
      size: 4344870
    - path: src/data/data_preparation.py
      hash: md5
      md5: 2b526cbcaa4097e44ccca447529635ed
      size: 2910
    params:
      params.yaml:
        Data_Preparation.random_state: 42
        Data_Preparation.test_size: 0.2
    outs:
    - path: data/interim/test.csv
      hash: md5
      md5: c4e44eb01b21d070eaed7f82d5b566cb
      size: 868327
    - path: data/interim/train.csv
      hash: md5
      md5: 92997923f7eeb9f62668f62cc1e3a9b7
      size: 3473585
  data_preprocessing:
    cmd: python src/features/data_preprocessing.py
    deps:
    - path: data/interim/test.csv
      hash: md5
      md5: c4e44eb01b21d070eaed7f82d5b566cb
      size: 868327
    - path: data/interim/train.csv
      hash: md5
      md5: 92997923f7eeb9f62668f62cc1e3a9b7
      size: 3473585
    - path: src/features/data_preprocessing.py
      hash: md5
      md5: 7bdea0a0b2b0296ee46856c47701c847
      size: 6708
    outs:
    - path: data/processed/test_trans.csv
      hash: md5
      md5: 19120257e74170df3ddaaf4d567b431d
      size: 1018303
    - path: data/processed/train_trans.csv
      hash: md5
      md5: 25ee0d275ee70b6c10591499bdaa08a0
      size: 4047536
    - path: models/preprocessor.joblib
      hash: md5
      md5: 8ae9bb19ba10a66a2f56b6ba57192441
      size: 8073
  train:
    cmd: python src/models/train_model.py
    deps:
    - path: data/processed/train_trans.csv
      hash: md5
      md5: 25ee0d275ee70b6c10591499bdaa08a0
      size: 4047536
    - path: src/models/train_model.py
      hash: md5
      md5: 47c3812ecd09b1ae2c30d6feea974f11
      size: 4868
    params:
      params.yaml:
        Train.LightGBM:
          n_estimators: 154
          max_depth: 27
          learning_rate: 0.22234435854395157
          subsample: 0.7592213724048168
          min_child_weight: 20
          min_split_gain: 0.004604680609280751
          reg_lambda: 97.81002379097947
        Train.xg_boost:
          n_estimators: 479
          criterion: squared_error
          max_depth: 17
          max_features: 1
          min_samples_split: 9
          min_samples_leaf: 2
          max_samples: 0.6603673526197066
          verbose: 1
          n_jobs: -1
    outs:
    - path: models/model.joblib
      hash: md5
      md5: 05252dbf64f721fb638ae9cb606c7928
      size: 25769724
    - path: models/power_transformer.joblib
      hash: md5
      md5: 043fb612cd69e7107dc7310ee4970ac9
      size: 837
    - path: models/stacking_regressor.joblib
      hash: md5
      md5: 4d0481e5f5a22707a91d394bdf826c89
      size: 25765758
  evaluation:
    cmd: python src/models/evaluation.py
    deps:
    - path: data/processed/test_trans.csv
      hash: md5
      md5: 19120257e74170df3ddaaf4d567b431d
      size: 1018303
    - path: data/processed/train_trans.csv
      hash: md5
      md5: 25ee0d275ee70b6c10591499bdaa08a0
      size: 4047536
    - path: models/model.joblib
      hash: md5
      md5: 05252dbf64f721fb638ae9cb606c7928
      size: 25769724
    - path: src/models/evaluation.py
      hash: md5
      md5: f31344fc4d1a827fc99cc5c602de2d2f
      size: 5850
    outs:
    - path: run_information.json
      hash: md5
      md5: 33aff69b527399dcd1999af726e9c77a
      size: 229
  register_model:
    cmd: python src/models/register_model.py
    deps:
    - path: run_information.json
      hash: md5
      md5: 33aff69b527399dcd1999af726e9c77a
      size: 229
    - path: src/models/register_model.py
      hash: md5
      md5: d74a240df03d14439e61fcd9ebbe7460
      size: 2029
